// !$*UTF8*$!
{
	archiveVersion = 1;
	classes = {
	};
	objectVersion = 46;
	objects = {

/* Begin PBXBuildFile section */
		649A738F156B217A00D1CFF9 /* UIKit.framework in Frameworks */ = {isa = PBXBuildFile; fileRef = 649A738E156B217A00D1CFF9 /* UIKit.framework */; };
		649A7391156B217A00D1CFF9 /* Foundation.framework in Frameworks */ = {isa = PBXBuildFile; fileRef = 649A7390156B217A00D1CFF9 /* Foundation.framework */; };
		649A7393156B217A00D1CFF9 /* CoreGraphics.framework in Frameworks */ = {isa = PBXBuildFile; fileRef = 649A7392156B217A00D1CFF9 /* CoreGraphics.framework */; };
		649A7399156B217B00D1CFF9 /* InfoPlist.strings in Resources */ = {isa = PBXBuildFile; fileRef = 649A7397156B217A00D1CFF9 /* InfoPlist.strings */; };
		649A739B156B217B00D1CFF9 /* main.m in Sources */ = {isa = PBXBuildFile; fileRef = 649A739A156B217B00D1CFF9 /* main.m */; };
		649A739F156B217B00D1CFF9 /* GNAppDelegate.m in Sources */ = {isa = PBXBuildFile; fileRef = 649A739E156B217B00D1CFF9 /* GNAppDelegate.m */; };
		649A73A2156B217B00D1CFF9 /* MainStoryboard_iPhone.storyboard in Resources */ = {isa = PBXBuildFile; fileRef = 649A73A0156B217B00D1CFF9 /* MainStoryboard_iPhone.storyboard */; };
		649A73A5156B217B00D1CFF9 /* MainStoryboard_iPad.storyboard in Resources */ = {isa = PBXBuildFile; fileRef = 649A73A3156B217B00D1CFF9 /* MainStoryboard_iPad.storyboard */; };
		649A73A8156B217B00D1CFF9 /* GNViewController.m in Sources */ = {isa = PBXBuildFile; fileRef = 649A73A7156B217B00D1CFF9 /* GNViewController.m */; };
/* End PBXBuildFile section */

/* Begin PBXFileReference section */
		649A738A156B217A00D1CFF9 /* GeoHash-iOS.app */ = {isa = PBXFileReference; explicitFileType = wrapper.application; includeInIndex = 0; path = "GeoHash-iOS.app"; sourceTree = BUILT_PRODUCTS_DIR; };
		649A738E156B217A00D1CFF9 /* UIKit.framework */ = {isa = PBXFileReference; lastKnownFileType = wrapper.framework; name = UIKit.framework; path = System/Library/Frameworks/UIKit.framework; sourceTree = SDKROOT; };
		649A7390156B217A00D1CFF9 /* Foundation.framework */ = {isa = PBXFileReference; lastKnownFileType = wrapper.framework; name = Foundation.framework; path = System/Library/Frameworks/Foundation.framework; sourceTree = SDKROOT; };
		649A7392156B217A00D1CFF9 /* CoreGraphics.framework */ = {isa = PBXFileReference; lastKnownFileType = wrapper.framework; name = CoreGraphics.framework; path = System/Library/Frameworks/CoreGraphics.framework; sourceTree = SDKROOT; };
		649A7396156B217A00D1CFF9 /* GeoHash-iOS-Info.plist */ = {isa = PBXFileReference; lastKnownFileType = text.plist.xml; path = "GeoHash-iOS-Info.plist"; sourceTree = "<group>"; };
		649A7398156B217B00D1CFF9 /* en */ = {isa = PBXFileReference; lastKnownFileType = text.plist.strings; name = en; path = en.lproj/InfoPlist.strings; sourceTree = "<group>"; };
		649A739A156B217B00D1CFF9 /* main.m */ = {isa = PBXFileReference; lastKnownFileType = sourcecode.c.objc; path = main.m; sourceTree = "<group>"; };
		649A739C156B217B00D1CFF9 /* GeoHash-iOS-Prefix.pch */ = {isa = PBXFileReference; lastKnownFileType = sourcecode.c.h; path = "GeoHash-iOS-Prefix.pch"; sourceTree = "<group>"; };
		649A739D156B217B00D1CFF9 /* GNAppDelegate.h */ = {isa = PBXFileReference; lastKnownFileType = sourcecode.c.h; path = GNAppDelegate.h; sourceTree = "<group>"; };
		649A739E156B217B00D1CFF9 /* GNAppDelegate.m */ = {isa = PBXFileReference; lastKnownFileType = sourcecode.c.objc; path = GNAppDelegate.m; sourceTree = "<group>"; };
		649A73A1156B217B00D1CFF9 /* en */ = {isa = PBXFileReference; lastKnownFileType = file.storyboard; name = en; path = en.lproj/MainStoryboard_iPhone.storyboard; sourceTree = "<group>"; };
		649A73A4156B217B00D1CFF9 /* en */ = {isa = PBXFileReference; lastKnownFileType = file.storyboard; name = en; path = en.lproj/MainStoryboard_iPad.storyboard; sourceTree = "<group>"; };
		649A73A6156B217B00D1CFF9 /* GNViewController.h */ = {isa = PBXFileReference; lastKnownFileType = sourcecode.c.h; path = GNViewController.h; sourceTree = "<group>"; };
		649A73A7156B217B00D1CFF9 /* GNViewController.m */ = {isa = PBXFileReference; lastKnownFileType = sourcecode.c.objc; path = GNViewController.m; sourceTree = "<group>"; };
/* End PBXFileReference section */

/* Begin PBXFrameworksBuildPhase section */
		649A7387156B217A00D1CFF9 /* Frameworks */ = {
			isa = PBXFrameworksBuildPhase;
			buildActionMask = 2147483647;
			files = (
				649A738F156B217A00D1CFF9 /* UIKit.framework in Frameworks */,
				649A7391156B217A00D1CFF9 /* Foundation.framework in Frameworks */,
				649A7393156B217A00D1CFF9 /* CoreGraphics.framework in Frameworks */,
			);
			runOnlyForDeploymentPostprocessing = 0;
		};
/* End PBXFrameworksBuildPhase section */

/* Begin PBXGroup section */
		649A737F156B217900D1CFF9 = {
			isa = PBXGroup;
			children = (
				649A7394156B217A00D1CFF9 /* GeoHash-iOS */,
				649A738D156B217A00D1CFF9 /* Frameworks */,
				649A738B156B217A00D1CFF9 /* Products */,
			);
			sourceTree = "<group>";
		};
		649A738B156B217A00D1CFF9 /* Products */ = {
			isa = PBXGroup;
			children = (
				649A738A156B217A00D1CFF9 /* GeoHash-iOS.app */,
			);
			name = Products;
			sourceTree = "<group>";
		};
		649A738D156B217A00D1CFF9 /* Frameworks */ = {
			isa = PBXGroup;
			children = (
				649A738E156B217A00D1CFF9 /* UIKit.framework */,
				649A7390156B217A00D1CFF9 /* Foundation.framework */,
				649A7392156B217A00D1CFF9 /* CoreGraphics.framework */,
			);
			name = Frameworks;
			sourceTree = "<group>";
		};
		649A7394156B217A00D1CFF9 /* GeoHash-iOS */ = {
			isa = PBXGroup;
			children = (
				649A739D156B217B00D1CFF9 /* GNAppDelegate.h */,
				649A739E156B217B00D1CFF9 /* GNAppDelegate.m */,
				649A73A0156B217B00D1CFF9 /* MainStoryboard_iPhone.storyboard */,
				649A73A3156B217B00D1CFF9 /* MainStoryboard_iPad.storyboard */,
				649A73A6156B217B00D1CFF9 /* GNViewController.h */,
				649A73A7156B217B00D1CFF9 /* GNViewController.m */,
				649A7395156B217A00D1CFF9 /* Supporting Files */,
			);
			path = "GeoHash-iOS";
			sourceTree = "<group>";
		};
		649A7395156B217A00D1CFF9 /* Supporting Files */ = {
			isa = PBXGroup;
			children = (
				649A7396156B217A00D1CFF9 /* GeoHash-iOS-Info.plist */,
				649A7397156B217A00D1CFF9 /* InfoPlist.strings */,
				649A739A156B217B00D1CFF9 /* main.m */,
				649A739C156B217B00D1CFF9 /* GeoHash-iOS-Prefix.pch */,
			);
			name = "Supporting Files";
			sourceTree = "<group>";
		};
/* End PBXGroup section */

/* Begin PBXNativeTarget section */
		649A7389156B217A00D1CFF9 /* GeoHash-iOS */ = {
			isa = PBXNativeTarget;
			buildConfigurationList = 649A73AB156B217B00D1CFF9 /* Build configuration list for PBXNativeTarget "GeoHash-iOS" */;
			buildPhases = (
				649A7386156B217A00D1CFF9 /* Sources */,
				649A7387156B217A00D1CFF9 /* Frameworks */,
				649A7388156B217A00D1CFF9 /* Resources */,
			);
			buildRules = (
			);
			dependencies = (
			);
			name = "GeoHash-iOS";
			productName = "GeoHash-iOS";
			productReference = 649A738A156B217A00D1CFF9 /* GeoHash-iOS.app */;
			productType = "com.apple.product-type.application";
		};
/* End PBXNativeTarget section */

/* Begin PBXProject section */
		649A7381156B217900D1CFF9 /* Project object */ = {
			isa = PBXProject;
			attributes = {
				CLASSPREFIX = GN;
				LastUpgradeCheck = 0430;
				ORGANIZATIONNAME = "KJEW Investments Pty Ltd";
			};
			buildConfigurationList = 649A7384156B217900D1CFF9 /* Build configuration list for PBXProject "GeoHash-iOS" */;
			compatibilityVersion = "Xcode 3.2";
			developmentRegion = English;
			hasScannedForEncodings = 0;
			knownRegions = (
				en,
			);
			mainGroup = 649A737F156B217900D1CFF9;
			productRefGroup = 649A738B156B217A00D1CFF9 /* Products */;
			projectDirPath = "";
			projectRoot = "";
			targets = (
				649A7389156B217A00D1CFF9 /* GeoHash-iOS */,
			);
		};
/* End PBXProject section */

/* Begin PBXResourcesBuildPhase section */
		649A7388156B217A00D1CFF9 /* Resources */ = {
			isa = PBXResourcesBuildPhase;
			buildActionMask = 2147483647;
			files = (
				649A7399156B217B00D1CFF9 /* InfoPlist.strings in Resources */,
				649A73A2156B217B00D1CFF9 /* MainStoryboard_iPhone.storyboard in Resources */,
				649A73A5156B217B00D1CFF9 /* MainStoryboard_iPad.storyboard in Resources */,
			);
			runOnlyForDeploymentPostprocessing = 0;
		};
/* End PBXResourcesBuildPhase section */

/* Begin PBXSourcesBuildPhase section */
		649A7386156B217A00D1CFF9 /* Sources */ = {
			isa = PBXSourcesBuildPhase;
			buildActionMask = 2147483647;
			files = (
				649A739B156B217B00D1CFF9 /* main.m in Sources */,
				649A739F156B217B00D1CFF9 /* GNAppDelegate.m in Sources */,
				649A73A8156B217B00D1CFF9 /* GNViewController.m in Sources */,
			);
			runOnlyForDeploymentPostprocessing = 0;
		};
/* End PBXSourcesBuildPhase section */

/* Begin PBXVariantGroup section */
		649A7397156B217A00D1CFF9 /* InfoPlist.strings */ = {
			isa = PBXVariantGroup;
			children = (
				649A7398156B217B00D1CFF9 /* en */,
			);
			name = InfoPlist.strings;
			sourceTree = "<group>";
		};
		649A73A0156B217B00D1CFF9 /* MainStoryboard_iPhone.storyboard */ = {
			isa = PBXVariantGroup;
			children = (
				649A73A1156B217B00D1CFF9 /* en */,
			);
			name = MainStoryboard_iPhone.storyboard;
			sourceTree = "<group>";
		};
		649A73A3156B217B00D1CFF9 /* MainStoryboard_iPad.storyboard */ = {
			isa = PBXVariantGroup;
			children = (
				649A73A4156B217B00D1CFF9 /* en */,
			);
			name = MainStoryboard_iPad.storyboard;
			sourceTree = "<group>";
		};
/* End PBXVariantGroup section */

/* Begin XCBuildConfiguration section */
		649A73A9156B217B00D1CFF9 /* Debug */ = {
			isa = XCBuildConfiguration;
			buildSettings = {
				ALWAYS_SEARCH_USER_PATHS = NO;
				ARCHS = "$(ARCHS_STANDARD_32_BIT)";
				CLANG_ENABLE_OBJC_ARC = YES;
				"CODE_SIGN_IDENTITY[sdk=iphoneos*]" = "iPhone Developer";
				COPY_PHASE_STRIP = NO;
				GCC_C_LANGUAGE_STANDARD = gnu99;
				GCC_DYNAMIC_NO_PIC = NO;
				GCC_OPTIMIZATION_LEVEL = 0;
				GCC_PREPROCESSOR_DEFINITIONS = (
					"DEBUG=1",
					"$(inherited)",
				);
				GCC_SYMBOLS_PRIVATE_EXTERN = NO;
				GCC_VERSION = com.apple.compilers.llvm.clang.1_0;
				GCC_WARN_ABOUT_RETURN_TYPE = YES;
				GCC_WARN_UNINITIALIZED_AUTOS = YES;
				GCC_WARN_UNUSED_VARIABLE = YES;
				IPHONEOS_DEPLOYMENT_TARGET = 5.1;
				SDKROOT = iphoneos;
				TARGETED_DEVICE_FAMILY = "1,2";
			};
			name = Debug;
		};
		649A73AA156B217B00D1CFF9 /* Release */ = {
			isa = XCBuildConfiguration;
			buildSettings = {
				ALWAYS_SEARCH_USER_PATHS = NO;
				ARCHS = "$(ARCHS_STANDARD_32_BIT)";
				CLANG_ENABLE_OBJC_ARC = YES;
				"CODE_SIGN_IDENTITY[sdk=iphoneos*]" = "iPhone Developer";
				COPY_PHASE_STRIP = YES;
				GCC_C_LANGUAGE_STANDARD = gnu99;
				GCC_VERSION = com.apple.compilers.llvm.clang.1_0;
				GCC_WARN_ABOUT_RETURN_TYPE = YES;
				GCC_WARN_UNINITIALIZED_AUTOS = YES;
				GCC_WARN_UNUSED_VARIABLE = YES;
				IPHONEOS_DEPLOYMENT_TARGET = 5.1;
				OTHER_CFLAGS = "-DNS_BLOCK_ASSERTIONS=1";
				SDKROOT = iphoneos;
				TARGETED_DEVICE_FAMILY = "1,2";
				VALIDATE_PRODUCT = YES;
			};
			name = Release;
		};
		649A73AC156B217B00D1CFF9 /* Debug */ = {
			isa = XCBuildConfiguration;
			buildSettings = {
				GCC_PRECOMPILE_PREFIX_HEADER = YES;
				GCC_PREFIX_HEADER = "GeoHash-iOS/GeoHash-iOS-Prefix.pch";
				INFOPLIST_FILE = "GeoHash-iOS/GeoHash-iOS-Info.plist";
				PRODUCT_NAME = "$(TARGET_NAME)";
				WRAPPER_EXTENSION = app;
			};
			name = Debug;
		};
		649A73AD156B217B00D1CFF9 /* Release */ = {
			isa = XCBuildConfiguration;
			buildSettings = {
				GCC_PRECOMPILE_PREFIX_HEADER = YES;
				GCC_PREFIX_HEADER = "GeoHash-iOS/GeoHash-iOS-Prefix.pch";
				INFOPLIST_FILE = "GeoHash-iOS/GeoHash-iOS-Info.plist";
				PRODUCT_NAME = "$(TARGET_NAME)";
				WRAPPER_EXTENSION = app;
			};
			name = Release;
		};
/* End XCBuildConfiguration section */

/* Begin XCConfigurationList section */
		649A7384156B217900D1CFF9 /* Build configuration list for PBXProject "GeoHash-iOS" */ = {
			isa = XCConfigurationList;
			buildConfigurations = (
				649A73A9156B217B00D1CFF9 /* Debug */,
				649A73AA156B217B00D1CFF9 /* Release */,
			);
			defaultConfigurationIsVisible = 0;
			defaultConfigurationName = Release;
		};
		649A73AB156B217B00D1CFF9 /* Build configuration list for PBXNativeTarget "GeoHash-iOS" */ = {
			isa = XCConfigurationList;
			buildConfigurations = (
				649A73AC156B217B00D1CFF9 /* Debug */,
				649A73AD156B217B00D1CFF9 /* Release */,
			);
			defaultConfigurationIsVisible = 0;
		};
/* End XCConfigurationList section */
	};
	rootObject = 649A7381156B217900D1CFF9 /* Project object */;
}
